
Microsoft Visual Studio Solution File, Format Version 12.00
# Visual Studio Version 16
VisualStudioVersion = 16.0.30621.155
MinimumVisualStudioVersion = 10.0.40219.1
Project("{FAE04EC0-301F-11D3-BF4B-00C04F79EFBC}") = "assignment2", "assignment2\assignment2.csproj", "{D10C09CF-549B-4C58-B06D-79A19558B7DA}"
EndProject
Global
	GlobalSection(SolutionConfigurationPlatforms) = preSolution
		Debug|Any CPU = Debug|Any CPU
		Release|Any CPU = Release|Any CPU
	EndGlobalSection
	GlobalSection(ProjectConfigurationPlatforms) = postSolution
		{D10C09CF-549B-4C58-B06D-79A19558B7DA}.Debug|Any CPU.ActiveCfg = Debug|Any CPU
		{D10C09CF-549B-4C58-B06D-79A19558B7DA}.Debug|Any CPU.Build.0 = Debug|Any CPU
		{D10C09CF-549B-4C58-B06D-79A19558B7DA}.Release|Any CPU.ActiveCfg = Release|Any CPU
		{D10C09CF-549B-4C58-B06D-79A19558B7DA}.Release|Any CPU.Build.0 = Release|Any CPU
	EndGlobalSection
	GlobalSection(SolutionProperties) = preSolution
		HideSolutionNode = FALSE
	EndGlobalSection
	GlobalSection(ExtensibilityGlobals) = postSolution
		SolutionGuid = {0763CDDC-6A2E-4991-9A4B-2DBDCED94D9D}
	EndGlobalSection
EndGlobal
